
Microsoft Visual Studio Solution File, Format Version 12.00
Project("{FAE04EC0-301F-11D3-BF4B-00C04F79EFBC}") = "projeto_final_POO2", "projeto_final_POO2\projeto_final_POO2.csproj", "{B21ECE5E-D159-44AB-9160-C33B53B50394}"
EndProject
Global
	GlobalSection(SolutionConfigurationPlatforms) = preSolution
		Debug|Any CPU = Debug|Any CPU
		Release|Any CPU = Release|Any CPU
	EndGlobalSection
	GlobalSection(ProjectConfigurationPlatforms) = postSolution
		{B21ECE5E-D159-44AB-9160-C33B53B50394}.Debug|Any CPU.ActiveCfg = Debug|Any CPU
		{B21ECE5E-D159-44AB-9160-C33B53B50394}.Debug|Any CPU.Build.0 = Debug|Any CPU
		{B21ECE5E-D159-44AB-9160-C33B53B50394}.Release|Any CPU.ActiveCfg = Release|Any CPU
		{B21ECE5E-D159-44AB-9160-C33B53B50394}.Release|Any CPU.Build.0 = Release|Any CPU
	EndGlobalSection
EndGlobal
